# This file is automatically @generated by Cargo.
# It is not intended for manual editing.
[[package]]
name = "lapp"
version = "0.4.0"
source = "git+https://github.com/NoraCodes/lapp?branch=nora/iofile_paths#0fb2df69ce5262958401214fca0d0f31d62b1062"

[[package]]
name = "smallvec"
version = "0.6.10"
source = "registry+https://github.com/rust-lang/crates.io-index"

[[package]]
name = "unicode-normalization"
version = "0.1.8"
source = "registry+https://github.com/rust-lang/crates.io-index"
dependencies = [
 "smallvec 0.6.10 (registry+https://github.com/rust-lang/crates.io-index)",
]

[[package]]
name = "utf8-norm"
version = "1.1.0"
dependencies = [
 "lapp 0.4.0 (git+https://github.com/NoraCodes/lapp?branch=nora/iofile_paths)",
 "unicode-normalization 0.1.8 (registry+https://github.com/rust-lang/crates.io-index)",
]

[metadata]
"checksum lapp 0.4.0 (git+https://github.com/NoraCodes/lapp?branch=nora/iofile_paths)" = "<none>"
"checksum smallvec 0.6.10 (registry+https://github.com/rust-lang/crates.io-index)" = "ab606a9c5e214920bb66c458cd7be8ef094f813f20fe77a54cc7dbfff220d4b7"
"checksum unicode-normalization 0.1.8 (registry+https://github.com/rust-lang/crates.io-index)" = "141339a08b982d942be2ca06ff8b076563cbe223d1befd5450716790d44e2426"
